
Microsoft Visual Studio Solution File, Format Version 12.00
# Visual Studio Version 16
VisualStudioVersion = 16.0.30517.126
MinimumVisualStudioVersion = 10.0.40219.1
Project("{F184B08F-C81C-45F6-A57F-5ABD9991F28F}") = "Farmer IMS", "Farmer IMS\Farmer IMS.vbproj", "{B38F9C33-B18F-4F84-9702-8420C2CE5C2C}"
EndProject
Global
	GlobalSection(SolutionConfigurationPlatforms) = preSolution
		Debug|Any CPU = Debug|Any CPU
		Release|Any CPU = Release|Any CPU
	EndGlobalSection
	GlobalSection(ProjectConfigurationPlatforms) = postSolution
		{B38F9C33-B18F-4F84-9702-8420C2CE5C2C}.Debug|Any CPU.ActiveCfg = Debug|Any CPU
		{B38F9C33-B18F-4F84-9702-8420C2CE5C2C}.Debug|Any CPU.Build.0 = Debug|Any CPU
		{B38F9C33-B18F-4F84-9702-8420C2CE5C2C}.Release|Any CPU.ActiveCfg = Release|Any CPU
		{B38F9C33-B18F-4F84-9702-8420C2CE5C2C}.Release|Any CPU.Build.0 = Release|Any CPU
	EndGlobalSection
	GlobalSection(SolutionProperties) = preSolution
		HideSolutionNode = FALSE
	EndGlobalSection
	GlobalSection(ExtensibilityGlobals) = postSolution
		SolutionGuid = {A7F98EE1-BF6A-43BC-A57A-48F6350BC9A5}
	EndGlobalSection
EndGlobal
